
Microsoft Visual Studio Solution File, Format Version 12.00
# Visual Studio Version 17
VisualStudioVersion = 17.14.36518.9 d17.14
MinimumVisualStudioVersion = 10.0.40219.1
Project("{2150E333-8FDC-42A3-9474-1A3956D46DE8}") = "Task0", "Task0", "{02EA681E-C7D8-13C7-8484-4AC65E1B71E8}"
EndProject
Project("{2150E333-8FDC-42A3-9474-1A3956D46DE8}") = "Task1", "Task1", "{F402EA19-5555-4388-8D43-3EFDDBE0A6DD}"
EndProject
Project("{2150E333-8FDC-42A3-9474-1A3956D46DE8}") = "Task2", "Task2", "{2403AD54-5CA3-402C-B0DC-850EEDB05F15}"
EndProject
Project("{2150E333-8FDC-42A3-9474-1A3956D46DE8}") = "Task3", "Task3", "{394006D3-129B-43A9-AAEC-A546D159FF35}"
EndProject
Project("{2150E333-8FDC-42A3-9474-1A3956D46DE8}") = "Task4", "Task4", "{70AA3FDC-1B1C-4700-A36E-E54AA6915B92}"
EndProject
Project("{2150E333-8FDC-42A3-9474-1A3956D46DE8}") = "Task5", "Task5", "{1B507702-8E0C-4108-AF81-6A5752E6DF47}"
EndProject
Project("{2150E333-8FDC-42A3-9474-1A3956D46DE8}") = "Task6", "Task6", "{B3CAC96B-8BAC-49C9-9C93-8208C62FC4A9}"
EndProject
Project("{2150E333-8FDC-42A3-9474-1A3956D46DE8}") = "Task7", "Task7", "{483052F1-2BD6-422B-BA25-DBB3FE81F220}"
EndProject
Project("{FAE04EC0-301F-11D3-BF4B-00C04F79EFBC}") = "Tyuiu.AndreevIA.Sprint3.Task0.V28", "Tyuiu.AndreevIA.Sprint3.Task0.V28\Tyuiu.AndreevIA.Sprint3.Task0.V28.csproj", "{AE09ED39-CB9B-4BA9-AE40-16F0F12886A7}"
EndProject
Project("{FAE04EC0-301F-11D3-BF4B-00C04F79EFBC}") = "Tyuiu.AndreevIA.Sprint3.Task0.V28.Lib", "Tyuiu.AndreevIA.Sprint3.Task0.V28.Lib\Tyuiu.AndreevIA.Sprint3.Task0.V28.Lib.csproj", "{33CB7EF6-5D3F-48B4-ABF4-80B1065846D8}"
EndProject
Project("{FAE04EC0-301F-11D3-BF4B-00C04F79EFBC}") = "Tyuiu.AndreevIA.Sprint3.Task0.V28.Test", "Tyuiu.AndreevIA.Sprint3.Task0.V28.Test\Tyuiu.AndreevIA.Sprint3.Task0.V28.Test.csproj", "{9717C65C-7A6D-436F-BDB9-CA9AF182E767}"
EndProject
Project("{FAE04EC0-301F-11D3-BF4B-00C04F79EFBC}") = "Tyuiu.AndreevIA.Sprint3.Task1.V14", "Tyuiu.AndreevIA.Sprint3.Task1.V14\Tyuiu.AndreevIA.Sprint3.Task1.V14.csproj", "{B4A8769A-A745-4543-8FD0-B9ED0E39B08D}"
EndProject
Project("{FAE04EC0-301F-11D3-BF4B-00C04F79EFBC}") = "Tyuiu.AndreevIA.Sprint3.Task1.V14.Lib", "Tyuiu.AndreevIA.Sprint3.Task1.V14.Lib\Tyuiu.AndreevIA.Sprint3.Task1.V14.Lib.csproj", "{19566DDE-0C9F-41F7-8501-D950EDE04BD2}"
EndProject
Project("{FAE04EC0-301F-11D3-BF4B-00C04F79EFBC}") = "Tyuiu.AndreevIA.Sprint3.Task1.V14.Test", "Tyuiu.AndreevIA.Sprint3.Task1.V14.Test\Tyuiu.AndreevIA.Sprint3.Task1.V14.Test.csproj", "{0A11CD70-95F5-45C6-910A-A3A376977868}"
EndProject
Project("{FAE04EC0-301F-11D3-BF4B-00C04F79EFBC}") = "Tyuiu.AndreevIA.Sprint3.Task2.V30", "Tyuiu.AndreevIA.Sprint3.Task2.V30\Tyuiu.AndreevIA.Sprint3.Task2.V30.csproj", "{385BA2FB-D80A-426C-B6AB-E9BAD6441B32}"
EndProject
Project("{FAE04EC0-301F-11D3-BF4B-00C04F79EFBC}") = "Tyuiu.AndreevIA.Sprint3.Task2.V30.Lib", "Tyuiu.AndreevIA.Sprint3.Task2.V30.Lib\Tyuiu.AndreevIA.Sprint3.Task2.V30.Lib.csproj", "{CD3F3211-788D-455B-B6A4-877BAF5D60E3}"
EndProject
Project("{FAE04EC0-301F-11D3-BF4B-00C04F79EFBC}") = "Tyuiu.AndreevIA.Sprint3.Task2.V30.Test", "Tyuiu.AndreevIA.Sprint3.Task2.V30.Test\Tyuiu.AndreevIA.Sprint3.Task2.V30.Test.csproj", "{9452013E-485A-40D4-9C54-B7073BC6CE04}"
EndProject
Project("{FAE04EC0-301F-11D3-BF4B-00C04F79EFBC}") = "Tyuiu.AndreevIA.Sprint3.Task3.V20", "Tyuiu.AndreevIA.Sprint3.Task3.V20\Tyuiu.AndreevIA.Sprint3.Task3.V20.csproj", "{D12689D3-15A8-4624-9003-81881A2D10CB}"
EndProject
Project("{FAE04EC0-301F-11D3-BF4B-00C04F79EFBC}") = "Tyuiu.AndreevIA.Sprint3.Task3.V20.Test", "Tyuiu.AndreevIA.Sprint3.Task3.V20.Test\Tyuiu.AndreevIA.Sprint3.Task3.V20.Test.csproj", "{AC24609F-77FB-42DC-AA1F-E135E1BEF95B}"
EndProject
Project("{FAE04EC0-301F-11D3-BF4B-00C04F79EFBC}") = "Tyuiu.AndreevIA.Sprint3.Task3.V20.Lib", "Tyuiu.AndreevIA.Sprint3.Task3.V20.Lib\Tyuiu.AndreevIA.Sprint3.Task3.V20.Lib.csproj", "{5B8F2A5D-F543-47AF-920E-2A2B48FDEC8C}"
EndProject
Project("{FAE04EC0-301F-11D3-BF4B-00C04F79EFBC}") = "Tyuiu.AndreevIA.Sprint3.Task4.V12", "Tyuiu.AndreevIA.Sprint3.Task4.V12\Tyuiu.AndreevIA.Sprint3.Task4.V12.csproj", "{3DA078C3-5751-4482-ABB3-64B57F7B28F8}"
EndProject
Project("{FAE04EC0-301F-11D3-BF4B-00C04F79EFBC}") = "Tyuiu.AndreevIA.Sprint3.Task4.V12.Lib", "Tyuiu.AndreevIA.Sprint3.Task4.V12.Lib\Tyuiu.AndreevIA.Sprint3.Task4.V12.Lib.csproj", "{6A583CCD-9513-4BCA-A618-61B709E7AF46}"
EndProject
Project("{FAE04EC0-301F-11D3-BF4B-00C04F79EFBC}") = "Tyuiu.AndreevIA.Sprint3.Task4.V12.Test", "Tyuiu.AndreevIA.Sprint3.Task4.V12.Test\Tyuiu.AndreevIA.Sprint3.Task4.V12.Test.csproj", "{9041CD24-0C22-4BA4-AE77-F0288EBF0F4E}"
EndProject
Project("{FAE04EC0-301F-11D3-BF4B-00C04F79EFBC}") = "Tyuiu.AndreevIA.Sprint3.Task5.V9", "Tyuiu.AndreevIA.Sprint3.Task5.V9\Tyuiu.AndreevIA.Sprint3.Task5.V9.csproj", "{0E194EF5-3E3B-4578-8888-06ED97331AEF}"
EndProject
Project("{FAE04EC0-301F-11D3-BF4B-00C04F79EFBC}") = "Tyuiu.AndreevIA.Sprint3.Task5.V9.Lib", "Tyuiu.AndreevIA.Sprint3.Task5.V9.Lib\Tyuiu.AndreevIA.Sprint3.Task5.V9.Lib.csproj", "{071456CD-3B63-4E41-AB7E-555F1D24B66C}"
EndProject
Project("{FAE04EC0-301F-11D3-BF4B-00C04F79EFBC}") = "Tyuiu.AndreevIA.Sprint3.Task5.V9.Test", "Tyuiu.AndreevIA.Sprint3.Task5.V9.Test\Tyuiu.AndreevIA.Sprint3.Task5.V9.Test.csproj", "{F81EFCE5-3A4F-4401-9C0E-F127243F3ED1}"
EndProject
Project("{FAE04EC0-301F-11D3-BF4B-00C04F79EFBC}") = "Tyuiu.AndreevIA.Sprint3.Task6.V29", "Tyuiu.AndreevIA.Sprint3.Task6.V29\Tyuiu.AndreevIA.Sprint3.Task6.V29.csproj", "{832B128F-52D5-4F80-AD79-2118D1596DC8}"
EndProject
Project("{FAE04EC0-301F-11D3-BF4B-00C04F79EFBC}") = "Tyuiu.AndreevIA.Sprint3.Task6.V29.Lib", "Tyuiu.AndreevIA.Sprint3.Task6.V29.Lib\Tyuiu.AndreevIA.Sprint3.Task6.V29.Lib.csproj", "{DF764989-D5F0-4DB5-8BC6-0D686119637B}"
EndProject
Project("{FAE04EC0-301F-11D3-BF4B-00C04F79EFBC}") = "Tyuiu.AndreevIA.Sprint3.Task6.V29.Test", "Tyuiu.AndreevIA.Sprint3.Task6.V29.Test\Tyuiu.AndreevIA.Sprint3.Task6.V29.Test.csproj", "{9AF80474-21C6-4718-BD0E-3803E8CEFAF7}"
EndProject
Project("{FAE04EC0-301F-11D3-BF4B-00C04F79EFBC}") = "Tyuiu.AndreevIA.Sprint3.Task7.V19", "Tyuiu.AndreevIA.Sprint3.Task7.V19\Tyuiu.AndreevIA.Sprint3.Task7.V19.csproj", "{B786B55D-25F9-480D-B6D8-55C74396D8BC}"
EndProject
Project("{FAE04EC0-301F-11D3-BF4B-00C04F79EFBC}") = "Tyuiu.AndreevIA.Sprint3.Task7.V19.Lib", "Tyuiu.AndreevIA.Sprint3.Task7.V19.Lib\Tyuiu.AndreevIA.Sprint3.Task7.V19.Lib.csproj", "{C48533AC-954C-4C4F-974A-87DA72AA1C44}"
EndProject
Project("{FAE04EC0-301F-11D3-BF4B-00C04F79EFBC}") = "Tyuiu.AndreevIA.Sprint3.Task7.V19.Test", "Tyuiu.AndreevIA.Sprint3.Task7.V19.Test\Tyuiu.AndreevIA.Sprint3.Task7.V19.Test.csproj", "{6B561177-C828-4323-8D4A-9382C283C297}"
EndProject
Global
	GlobalSection(SolutionConfigurationPlatforms) = preSolution
		Debug|Any CPU = Debug|Any CPU
		Release|Any CPU = Release|Any CPU
	EndGlobalSection
	GlobalSection(ProjectConfigurationPlatforms) = postSolution
		{AE09ED39-CB9B-4BA9-AE40-16F0F12886A7}.Debug|Any CPU.ActiveCfg = Debug|Any CPU
		{AE09ED39-CB9B-4BA9-AE40-16F0F12886A7}.Debug|Any CPU.Build.0 = Debug|Any CPU
		{AE09ED39-CB9B-4BA9-AE40-16F0F12886A7}.Release|Any CPU.ActiveCfg = Release|Any CPU
		{AE09ED39-CB9B-4BA9-AE40-16F0F12886A7}.Release|Any CPU.Build.0 = Release|Any CPU
		{33CB7EF6-5D3F-48B4-ABF4-80B1065846D8}.Debug|Any CPU.ActiveCfg = Debug|Any CPU
		{33CB7EF6-5D3F-48B4-ABF4-80B1065846D8}.Debug|Any CPU.Build.0 = Debug|Any CPU
		{33CB7EF6-5D3F-48B4-ABF4-80B1065846D8}.Release|Any CPU.ActiveCfg = Release|Any CPU
		{33CB7EF6-5D3F-48B4-ABF4-80B1065846D8}.Release|Any CPU.Build.0 = Release|Any CPU
		{9717C65C-7A6D-436F-BDB9-CA9AF182E767}.Debug|Any CPU.ActiveCfg = Debug|Any CPU
		{9717C65C-7A6D-436F-BDB9-CA9AF182E767}.Debug|Any CPU.Build.0 = Debug|Any CPU
		{9717C65C-7A6D-436F-BDB9-CA9AF182E767}.Release|Any CPU.ActiveCfg = Release|Any CPU
		{9717C65C-7A6D-436F-BDB9-CA9AF182E767}.Release|Any CPU.Build.0 = Release|Any CPU
		{B4A8769A-A745-4543-8FD0-B9ED0E39B08D}.Debug|Any CPU.ActiveCfg = Debug|Any CPU
		{B4A8769A-A745-4543-8FD0-B9ED0E39B08D}.Debug|Any CPU.Build.0 = Debug|Any CPU
		{B4A8769A-A745-4543-8FD0-B9ED0E39B08D}.Release|Any CPU.ActiveCfg = Release|Any CPU
		{B4A8769A-A745-4543-8FD0-B9ED0E39B08D}.Release|Any CPU.Build.0 = Release|Any CPU
		{19566DDE-0C9F-41F7-8501-D950EDE04BD2}.Debug|Any CPU.ActiveCfg = Debug|Any CPU
		{19566DDE-0C9F-41F7-8501-D950EDE04BD2}.Debug|Any CPU.Build.0 = Debug|Any CPU
		{19566DDE-0C9F-41F7-8501-D950EDE04BD2}.Release|Any CPU.ActiveCfg = Release|Any CPU
		{19566DDE-0C9F-41F7-8501-D950EDE04BD2}.Release|Any CPU.Build.0 = Release|Any CPU
		{0A11CD70-95F5-45C6-910A-A3A376977868}.Debug|Any CPU.ActiveCfg = Debug|Any CPU
		{0A11CD70-95F5-45C6-910A-A3A376977868}.Debug|Any CPU.Build.0 = Debug|Any CPU
		{0A11CD70-95F5-45C6-910A-A3A376977868}.Release|Any CPU.ActiveCfg = Release|Any CPU
		{0A11CD70-95F5-45C6-910A-A3A376977868}.Release|Any CPU.Build.0 = Release|Any CPU
		{385BA2FB-D80A-426C-B6AB-E9BAD6441B32}.Debug|Any CPU.ActiveCfg = Debug|Any CPU
		{385BA2FB-D80A-426C-B6AB-E9BAD6441B32}.Debug|Any CPU.Build.0 = Debug|Any CPU
		{385BA2FB-D80A-426C-B6AB-E9BAD6441B32}.Release|Any CPU.ActiveCfg = Release|Any CPU
		{385BA2FB-D80A-426C-B6AB-E9BAD6441B32}.Release|Any CPU.Build.0 = Release|Any CPU
		{CD3F3211-788D-455B-B6A4-877BAF5D60E3}.Debug|Any CPU.ActiveCfg = Debug|Any CPU
		{CD3F3211-788D-455B-B6A4-877BAF5D60E3}.Debug|Any CPU.Build.0 = Debug|Any CPU
		{CD3F3211-788D-455B-B6A4-877BAF5D60E3}.Release|Any CPU.ActiveCfg = Release|Any CPU
		{CD3F3211-788D-455B-B6A4-877BAF5D60E3}.Release|Any CPU.Build.0 = Release|Any CPU
		{9452013E-485A-40D4-9C54-B7073BC6CE04}.Debug|Any CPU.ActiveCfg = Debug|Any CPU
		{9452013E-485A-40D4-9C54-B7073BC6CE04}.Debug|Any CPU.Build.0 = Debug|Any CPU
		{9452013E-485A-40D4-9C54-B7073BC6CE04}.Release|Any CPU.ActiveCfg = Release|Any CPU
		{9452013E-485A-40D4-9C54-B7073BC6CE04}.Release|Any CPU.Build.0 = Release|Any CPU
		{D12689D3-15A8-4624-9003-81881A2D10CB}.Debug|Any CPU.ActiveCfg = Debug|Any CPU
		{D12689D3-15A8-4624-9003-81881A2D10CB}.Debug|Any CPU.Build.0 = Debug|Any CPU
		{D12689D3-15A8-4624-9003-81881A2D10CB}.Release|Any CPU.ActiveCfg = Release|Any CPU
		{D12689D3-15A8-4624-9003-81881A2D10CB}.Release|Any CPU.Build.0 = Release|Any CPU
		{AC24609F-77FB-42DC-AA1F-E135E1BEF95B}.Debug|Any CPU.ActiveCfg = Debug|Any CPU
		{AC24609F-77FB-42DC-AA1F-E135E1BEF95B}.Debug|Any CPU.Build.0 = Debug|Any CPU
		{AC24609F-77FB-42DC-AA1F-E135E1BEF95B}.Release|Any CPU.ActiveCfg = Release|Any CPU
		{AC24609F-77FB-42DC-AA1F-E135E1BEF95B}.Release|Any CPU.Build.0 = Release|Any CPU
		{5B8F2A5D-F543-47AF-920E-2A2B48FDEC8C}.Debug|Any CPU.ActiveCfg = Debug|Any CPU
		{5B8F2A5D-F543-47AF-920E-2A2B48FDEC8C}.Debug|Any CPU.Build.0 = Debug|Any CPU
		{5B8F2A5D-F543-47AF-920E-2A2B48FDEC8C}.Release|Any CPU.ActiveCfg = Release|Any CPU
		{5B8F2A5D-F543-47AF-920E-2A2B48FDEC8C}.Release|Any CPU.Build.0 = Release|Any CPU
		{3DA078C3-5751-4482-ABB3-64B57F7B28F8}.Debug|Any CPU.ActiveCfg = Debug|Any CPU
		{3DA078C3-5751-4482-ABB3-64B57F7B28F8}.Debug|Any CPU.Build.0 = Debug|Any CPU
		{3DA078C3-5751-4482-ABB3-64B57F7B28F8}.Release|Any CPU.ActiveCfg = Release|Any CPU
		{3DA078C3-5751-4482-ABB3-64B57F7B28F8}.Release|Any CPU.Build.0 = Release|Any CPU
		{6A583CCD-9513-4BCA-A618-61B709E7AF46}.Debug|Any CPU.ActiveCfg = Debug|Any CPU
		{6A583CCD-9513-4BCA-A618-61B709E7AF46}.Debug|Any CPU.Build.0 = Debug|Any CPU
		{6A583CCD-9513-4BCA-A618-61B709E7AF46}.Release|Any CPU.ActiveCfg = Release|Any CPU
		{6A583CCD-9513-4BCA-A618-61B709E7AF46}.Release|Any CPU.Build.0 = Release|Any CPU
		{9041CD24-0C22-4BA4-AE77-F0288EBF0F4E}.Debug|Any CPU.ActiveCfg = Debug|Any CPU
		{9041CD24-0C22-4BA4-AE77-F0288EBF0F4E}.Debug|Any CPU.Build.0 = Debug|Any CPU
		{9041CD24-0C22-4BA4-AE77-F0288EBF0F4E}.Release|Any CPU.ActiveCfg = Release|Any CPU
		{9041CD24-0C22-4BA4-AE77-F0288EBF0F4E}.Release|Any CPU.Build.0 = Release|Any CPU
		{0E194EF5-3E3B-4578-8888-06ED97331AEF}.Debug|Any CPU.ActiveCfg = Debug|Any CPU
		{0E194EF5-3E3B-4578-8888-06ED97331AEF}.Debug|Any CPU.Build.0 = Debug|Any CPU
		{0E194EF5-3E3B-4578-8888-06ED97331AEF}.Release|Any CPU.ActiveCfg = Release|Any CPU
		{0E194EF5-3E3B-4578-8888-06ED97331AEF}.Release|Any CPU.Build.0 = Release|Any CPU
		{071456CD-3B63-4E41-AB7E-555F1D24B66C}.Debug|Any CPU.ActiveCfg = Debug|Any CPU
		{071456CD-3B63-4E41-AB7E-555F1D24B66C}.Debug|Any CPU.Build.0 = Debug|Any CPU
		{071456CD-3B63-4E41-AB7E-555F1D24B66C}.Release|Any CPU.ActiveCfg = Release|Any CPU
		{071456CD-3B63-4E41-AB7E-555F1D24B66C}.Release|Any CPU.Build.0 = Release|Any CPU
		{F81EFCE5-3A4F-4401-9C0E-F127243F3ED1}.Debug|Any CPU.ActiveCfg = Debug|Any CPU
		{F81EFCE5-3A4F-4401-9C0E-F127243F3ED1}.Debug|Any CPU.Build.0 = Debug|Any CPU
		{F81EFCE5-3A4F-4401-9C0E-F127243F3ED1}.Release|Any CPU.ActiveCfg = Release|Any CPU
		{F81EFCE5-3A4F-4401-9C0E-F127243F3ED1}.Release|Any CPU.Build.0 = Release|Any CPU
		{832B128F-52D5-4F80-AD79-2118D1596DC8}.Debug|Any CPU.ActiveCfg = Debug|Any CPU
		{832B128F-52D5-4F80-AD79-2118D1596DC8}.Debug|Any CPU.Build.0 = Debug|Any CPU
		{832B128F-52D5-4F80-AD79-2118D1596DC8}.Release|Any CPU.ActiveCfg = Release|Any CPU
		{832B128F-52D5-4F80-AD79-2118D1596DC8}.Release|Any CPU.Build.0 = Release|Any CPU
		{DF764989-D5F0-4DB5-8BC6-0D686119637B}.Debug|Any CPU.ActiveCfg = Debug|Any CPU
		{DF764989-D5F0-4DB5-8BC6-0D686119637B}.Debug|Any CPU.Build.0 = Debug|Any CPU
		{DF764989-D5F0-4DB5-8BC6-0D686119637B}.Release|Any CPU.ActiveCfg = Release|Any CPU
		{DF764989-D5F0-4DB5-8BC6-0D686119637B}.Release|Any CPU.Build.0 = Release|Any CPU
		{9AF80474-21C6-4718-BD0E-3803E8CEFAF7}.Debug|Any CPU.ActiveCfg = Debug|Any CPU
		{9AF80474-21C6-4718-BD0E-3803E8CEFAF7}.Debug|Any CPU.Build.0 = Debug|Any CPU
		{9AF80474-21C6-4718-BD0E-3803E8CEFAF7}.Release|Any CPU.ActiveCfg = Release|Any CPU
		{9AF80474-21C6-4718-BD0E-3803E8CEFAF7}.Release|Any CPU.Build.0 = Release|Any CPU
		{B786B55D-25F9-480D-B6D8-55C74396D8BC}.Debug|Any CPU.ActiveCfg = Debug|Any CPU
		{B786B55D-25F9-480D-B6D8-55C74396D8BC}.Debug|Any CPU.Build.0 = Debug|Any CPU
		{B786B55D-25F9-480D-B6D8-55C74396D8BC}.Release|Any CPU.ActiveCfg = Release|Any CPU
		{B786B55D-25F9-480D-B6D8-55C74396D8BC}.Release|Any CPU.Build.0 = Release|Any CPU
		{C48533AC-954C-4C4F-974A-87DA72AA1C44}.Debug|Any CPU.ActiveCfg = Debug|Any CPU
		{C48533AC-954C-4C4F-974A-87DA72AA1C44}.Debug|Any CPU.Build.0 = Debug|Any CPU
		{C48533AC-954C-4C4F-974A-87DA72AA1C44}.Release|Any CPU.ActiveCfg = Release|Any CPU
		{C48533AC-954C-4C4F-974A-87DA72AA1C44}.Release|Any CPU.Build.0 = Release|Any CPU
		{6B561177-C828-4323-8D4A-9382C283C297}.Debug|Any CPU.ActiveCfg = Debug|Any CPU
		{6B561177-C828-4323-8D4A-9382C283C297}.Debug|Any CPU.Build.0 = Debug|Any CPU
		{6B561177-C828-4323-8D4A-9382C283C297}.Release|Any CPU.ActiveCfg = Release|Any CPU
		{6B561177-C828-4323-8D4A-9382C283C297}.Release|Any CPU.Build.0 = Release|Any CPU
	EndGlobalSection
	GlobalSection(SolutionProperties) = preSolution
		HideSolutionNode = FALSE
	EndGlobalSection
	GlobalSection(NestedProjects) = preSolution
		{AE09ED39-CB9B-4BA9-AE40-16F0F12886A7} = {02EA681E-C7D8-13C7-8484-4AC65E1B71E8}
		{33CB7EF6-5D3F-48B4-ABF4-80B1065846D8} = {02EA681E-C7D8-13C7-8484-4AC65E1B71E8}
		{9717C65C-7A6D-436F-BDB9-CA9AF182E767} = {02EA681E-C7D8-13C7-8484-4AC65E1B71E8}
		{B4A8769A-A745-4543-8FD0-B9ED0E39B08D} = {F402EA19-5555-4388-8D43-3EFDDBE0A6DD}
		{19566DDE-0C9F-41F7-8501-D950EDE04BD2} = {F402EA19-5555-4388-8D43-3EFDDBE0A6DD}
		{0A11CD70-95F5-45C6-910A-A3A376977868} = {F402EA19-5555-4388-8D43-3EFDDBE0A6DD}
		{385BA2FB-D80A-426C-B6AB-E9BAD6441B32} = {2403AD54-5CA3-402C-B0DC-850EEDB05F15}
		{CD3F3211-788D-455B-B6A4-877BAF5D60E3} = {2403AD54-5CA3-402C-B0DC-850EEDB05F15}
		{9452013E-485A-40D4-9C54-B7073BC6CE04} = {2403AD54-5CA3-402C-B0DC-850EEDB05F15}
		{D12689D3-15A8-4624-9003-81881A2D10CB} = {394006D3-129B-43A9-AAEC-A546D159FF35}
		{AC24609F-77FB-42DC-AA1F-E135E1BEF95B} = {394006D3-129B-43A9-AAEC-A546D159FF35}
		{5B8F2A5D-F543-47AF-920E-2A2B48FDEC8C} = {394006D3-129B-43A9-AAEC-A546D159FF35}
		{3DA078C3-5751-4482-ABB3-64B57F7B28F8} = {70AA3FDC-1B1C-4700-A36E-E54AA6915B92}
		{6A583CCD-9513-4BCA-A618-61B709E7AF46} = {70AA3FDC-1B1C-4700-A36E-E54AA6915B92}
		{9041CD24-0C22-4BA4-AE77-F0288EBF0F4E} = {70AA3FDC-1B1C-4700-A36E-E54AA6915B92}
		{0E194EF5-3E3B-4578-8888-06ED97331AEF} = {1B507702-8E0C-4108-AF81-6A5752E6DF47}
		{071456CD-3B63-4E41-AB7E-555F1D24B66C} = {1B507702-8E0C-4108-AF81-6A5752E6DF47}
		{F81EFCE5-3A4F-4401-9C0E-F127243F3ED1} = {1B507702-8E0C-4108-AF81-6A5752E6DF47}
		{832B128F-52D5-4F80-AD79-2118D1596DC8} = {B3CAC96B-8BAC-49C9-9C93-8208C62FC4A9}
		{DF764989-D5F0-4DB5-8BC6-0D686119637B} = {B3CAC96B-8BAC-49C9-9C93-8208C62FC4A9}
		{9AF80474-21C6-4718-BD0E-3803E8CEFAF7} = {B3CAC96B-8BAC-49C9-9C93-8208C62FC4A9}
		{B786B55D-25F9-480D-B6D8-55C74396D8BC} = {483052F1-2BD6-422B-BA25-DBB3FE81F220}
		{C48533AC-954C-4C4F-974A-87DA72AA1C44} = {483052F1-2BD6-422B-BA25-DBB3FE81F220}
		{6B561177-C828-4323-8D4A-9382C283C297} = {483052F1-2BD6-422B-BA25-DBB3FE81F220}
	EndGlobalSection
	GlobalSection(ExtensibilityGlobals) = postSolution
		SolutionGuid = {B97FAE01-A729-4227-AEB7-838D13C9F7A1}
	EndGlobalSection
EndGlobal
